
Microsoft Visual Studio Solution File, Format Version 12.00
# Visual Studio Version 16
VisualStudioVersion = 16.0.30225.117
MinimumVisualStudioVersion = 10.0.40219.1
Project("{FAE04EC0-301F-11D3-BF4B-00C04F79EFBC}") = "TeklaOpenAPIExtensionMethods", "TeklaOpenAPIExtensionMethods\TeklaOpenAPIExtensionMethods.csproj", "{36031D4D-C151-4DA8-B088-76F402D900A1}"
EndProject
Project("{FAE04EC0-301F-11D3-BF4B-00C04F79EFBC}") = "TestProject", "TestProject\TestProject.csproj", "{1067547A-DA64-4F63-880B-8A71CB928E21}"
EndProject
Global
	GlobalSection(SolutionConfigurationPlatforms) = preSolution
		Debug|Any CPU = Debug|Any CPU
		Release|Any CPU = Release|Any CPU
	EndGlobalSection
	GlobalSection(ProjectConfigurationPlatforms) = postSolution
		{36031D4D-C151-4DA8-B088-76F402D900A1}.Debug|Any CPU.ActiveCfg = Debug|Any CPU
		{36031D4D-C151-4DA8-B088-76F402D900A1}.Debug|Any CPU.Build.0 = Debug|Any CPU
		{36031D4D-C151-4DA8-B088-76F402D900A1}.Release|Any CPU.ActiveCfg = Release|Any CPU
		{36031D4D-C151-4DA8-B088-76F402D900A1}.Release|Any CPU.Build.0 = Release|Any CPU
		{1067547A-DA64-4F63-880B-8A71CB928E21}.Debug|Any CPU.ActiveCfg = Debug|Any CPU
		{1067547A-DA64-4F63-880B-8A71CB928E21}.Debug|Any CPU.Build.0 = Debug|Any CPU
		{1067547A-DA64-4F63-880B-8A71CB928E21}.Release|Any CPU.ActiveCfg = Release|Any CPU
		{1067547A-DA64-4F63-880B-8A71CB928E21}.Release|Any CPU.Build.0 = Release|Any CPU
	EndGlobalSection
	GlobalSection(SolutionProperties) = preSolution
		HideSolutionNode = FALSE
	EndGlobalSection
	GlobalSection(ExtensibilityGlobals) = postSolution
		SolutionGuid = {EC914FFA-FEA8-4B19-8DA5-F77FBD825EE3}
	EndGlobalSection
EndGlobal
